dependencies:
- name: cloud-native-postgresql
  repository: https://enterprisedb.github.io/cloud-native-postgresql-helm/
  version: 0.8.0
- name: kube-prometheus-stack
  repository: https://prometheus-community.github.io/helm-charts
  version: 19.2.2
digest: sha256:1f0864e71a0a117c7871e11e8bb2a9b93ddf7cae81bdc9309c61b33f4650c99a
generated: "2021-11-15T10:19:15.001684+01:00"
